
Microsoft Visual Studio Solution File, Format Version 12.00
Project("{FAE04EC0-301F-11D3-BF4B-00C04F79EFBC}") = "Part1", "Part1\Part1.csproj", "{C52A3270-568B-4749-8C5F-64AE4D175C23}"
EndProject
Project("{FAE04EC0-301F-11D3-BF4B-00C04F79EFBC}") = "Part1B", "Part1B\Part1B.csproj", "{86396310-792E-41A8-87D7-FAE6B4D68679}"
EndProject
Project("{FAE04EC0-301F-11D3-BF4B-00C04F79EFBC}") = "Part4Ex1", "Part4Ex1\Part4Ex1.csproj", "{35258B5F-DCD4-4A86-A1F5-0EFEF6A5F5C0}"
EndProject
Project("{FAE04EC0-301F-11D3-BF4B-00C04F79EFBC}") = "Part4Ex2", "Part4Ex2\Part4Ex2.csproj", "{DC3F888E-A086-4589-847A-0EC638243A69}"
EndProject
Global
	GlobalSection(SolutionConfigurationPlatforms) = preSolution
		Debug|Any CPU = Debug|Any CPU
		Release|Any CPU = Release|Any CPU
	EndGlobalSection
	GlobalSection(ProjectConfigurationPlatforms) = postSolution
		{C52A3270-568B-4749-8C5F-64AE4D175C23}.Debug|Any CPU.ActiveCfg = Debug|Any CPU
		{C52A3270-568B-4749-8C5F-64AE4D175C23}.Debug|Any CPU.Build.0 = Debug|Any CPU
		{C52A3270-568B-4749-8C5F-64AE4D175C23}.Release|Any CPU.ActiveCfg = Release|Any CPU
		{C52A3270-568B-4749-8C5F-64AE4D175C23}.Release|Any CPU.Build.0 = Release|Any CPU
		{86396310-792E-41A8-87D7-FAE6B4D68679}.Debug|Any CPU.ActiveCfg = Debug|Any CPU
		{86396310-792E-41A8-87D7-FAE6B4D68679}.Debug|Any CPU.Build.0 = Debug|Any CPU
		{86396310-792E-41A8-87D7-FAE6B4D68679}.Release|Any CPU.ActiveCfg = Release|Any CPU
		{86396310-792E-41A8-87D7-FAE6B4D68679}.Release|Any CPU.Build.0 = Release|Any CPU
		{35258B5F-DCD4-4A86-A1F5-0EFEF6A5F5C0}.Debug|Any CPU.ActiveCfg = Debug|Any CPU
		{35258B5F-DCD4-4A86-A1F5-0EFEF6A5F5C0}.Debug|Any CPU.Build.0 = Debug|Any CPU
		{35258B5F-DCD4-4A86-A1F5-0EFEF6A5F5C0}.Release|Any CPU.ActiveCfg = Release|Any CPU
		{35258B5F-DCD4-4A86-A1F5-0EFEF6A5F5C0}.Release|Any CPU.Build.0 = Release|Any CPU
		{DC3F888E-A086-4589-847A-0EC638243A69}.Debug|Any CPU.ActiveCfg = Debug|Any CPU
		{DC3F888E-A086-4589-847A-0EC638243A69}.Debug|Any CPU.Build.0 = Debug|Any CPU
		{DC3F888E-A086-4589-847A-0EC638243A69}.Release|Any CPU.ActiveCfg = Release|Any CPU
		{DC3F888E-A086-4589-847A-0EC638243A69}.Release|Any CPU.Build.0 = Release|Any CPU
	EndGlobalSection
EndGlobal
